
Microsoft Visual Studio Solution File, Format Version 12.00
# Visual Studio Version 16
VisualStudioVersion = 16.0.29609.76
MinimumVisualStudioVersion = 10.0.40219.1
Project("{9A19103F-16F7-4668-BE54-9A1E7A4F7556}") = "Application", "src\Application\Application.csproj", "{2E5D538E-F103-4482-B305-40171AA5A334}"
EndProject
Global
	GlobalSection(SolutionConfigurationPlatforms) = preSolution
		Debug|Any CPU = Debug|Any CPU
		Release|Any CPU = Release|Any CPU
	EndGlobalSection
	GlobalSection(ProjectConfigurationPlatforms) = postSolution
		{2E5D538E-F103-4482-B305-40171AA5A334}.Debug|Any CPU.ActiveCfg = Debug|Any CPU
		{2E5D538E-F103-4482-B305-40171AA5A334}.Debug|Any CPU.Build.0 = Debug|Any CPU
		{2E5D538E-F103-4482-B305-40171AA5A334}.Release|Any CPU.ActiveCfg = Release|Any CPU
		{2E5D538E-F103-4482-B305-40171AA5A334}.Release|Any CPU.Build.0 = Release|Any CPU
	EndGlobalSection
	GlobalSection(SolutionProperties) = preSolution
		HideSolutionNode = FALSE
	EndGlobalSection
	GlobalSection(ExtensibilityGlobals) = postSolution
		SolutionGuid = {4808B97E-7EF3-43EB-9758-233690E25C15}
	EndGlobalSection
EndGlobal
